
Microsoft Visual Studio Solution File, Format Version 12.00
# Visual Studio Version 17
VisualStudioVersion = 17.10.35013.160
MinimumVisualStudioVersion = 10.0.40219.1
Project("{FAE04EC0-301F-11D3-BF4B-00C04F79EFBC}") = "ChainPatternDZ", "ChainPatternDZ.csproj", "{60050116-6476-47CB-84CE-8DB03B4427B5}"
EndProject
Global
	GlobalSection(SolutionConfigurationPlatforms) = preSolution
		Debug|Any CPU = Debug|Any CPU
		Release|Any CPU = Release|Any CPU
	EndGlobalSection
	GlobalSection(ProjectConfigurationPlatforms) = postSolution
		{60050116-6476-47CB-84CE-8DB03B4427B5}.Debug|Any CPU.ActiveCfg = Debug|Any CPU
		{60050116-6476-47CB-84CE-8DB03B4427B5}.Debug|Any CPU.Build.0 = Debug|Any CPU
		{60050116-6476-47CB-84CE-8DB03B4427B5}.Release|Any CPU.ActiveCfg = Release|Any CPU
		{60050116-6476-47CB-84CE-8DB03B4427B5}.Release|Any CPU.Build.0 = Release|Any CPU
	EndGlobalSection
	GlobalSection(SolutionProperties) = preSolution
		HideSolutionNode = FALSE
	EndGlobalSection
	GlobalSection(ExtensibilityGlobals) = postSolution
		SolutionGuid = {2D905D5E-EA69-45A1-9217-F37BC3BD09B5}
	EndGlobalSection
EndGlobal
